
Microsoft Visual Studio Solution File, Format Version 11.00
# Visual Studio 2010
# Ranorex Studio 6.0
Project("{FAE04EC0-301F-11D3-BF4B-00C04F79EFBC}") = "ADC_AUTO_Testing", "ADC_AUTO_Testing\ADC_AUTO_Testing.csproj", "{48E36220-9E88-4C22-AE85-536F1EE0B517}"
EndProject
Global
	GlobalSection(SolutionConfigurationPlatforms) = preSolution
		Debug|x86 = Debug|x86
		Release|x86 = Release|x86
	EndGlobalSection
	GlobalSection(ProjectConfigurationPlatforms) = postSolution
		{48E36220-9E88-4C22-AE85-536F1EE0B517}.Debug|x86.Build.0 = Debug|x86
		{48E36220-9E88-4C22-AE85-536F1EE0B517}.Debug|x86.ActiveCfg = Debug|x86
		{48E36220-9E88-4C22-AE85-536F1EE0B517}.Release|x86.Build.0 = Release|x86
		{48E36220-9E88-4C22-AE85-536F1EE0B517}.Release|x86.ActiveCfg = Release|x86
	EndGlobalSection
EndGlobal
